
Microsoft Visual Studio Solution File, Format Version 12.00
# Visual Studio 15
Project("{FAE04EC0-301F-11D3-BF4B-00C04F79EFBC}") = "Assembly-CSharp", "Assembly-CSharp.csproj", "{7FAEF2E9-9755-474F-4A4D-9EC343B55A5C}"
EndProject
Project("{FAE04EC0-301F-11D3-BF4B-00C04F79EFBC}") = "Assembly-CSharp-Editor", "Assembly-CSharp-Editor.csproj", "{594EEB28-27B5-29A7-0CC3-0072A967B3E3}"
EndProject
Global
	GlobalSection(SolutionConfigurationPlatforms) = preSolution
		Debug|Any CPU = Debug|Any CPU
		Release|Any CPU = Release|Any CPU
	EndGlobalSection
	GlobalSection(ProjectConfigurationPlatforms) = postSolution
		{7FAEF2E9-9755-474F-4A4D-9EC343B55A5C}.Debug|Any CPU.ActiveCfg = Debug|Any CPU
		{7FAEF2E9-9755-474F-4A4D-9EC343B55A5C}.Debug|Any CPU.Build.0 = Debug|Any CPU
		{7FAEF2E9-9755-474F-4A4D-9EC343B55A5C}.Release|Any CPU.ActiveCfg = Release|Any CPU
		{7FAEF2E9-9755-474F-4A4D-9EC343B55A5C}.Release|Any CPU.Build.0 = Release|Any CPU
		{594EEB28-27B5-29A7-0CC3-0072A967B3E3}.Debug|Any CPU.ActiveCfg = Debug|Any CPU
		{594EEB28-27B5-29A7-0CC3-0072A967B3E3}.Debug|Any CPU.Build.0 = Debug|Any CPU
		{594EEB28-27B5-29A7-0CC3-0072A967B3E3}.Release|Any CPU.ActiveCfg = Release|Any CPU
		{594EEB28-27B5-29A7-0CC3-0072A967B3E3}.Release|Any CPU.Build.0 = Release|Any CPU
	EndGlobalSection
	GlobalSection(SolutionProperties) = preSolution
		HideSolutionNode = FALSE
	EndGlobalSection
EndGlobal
